
Microsoft Visual Studio Solution File, Format Version 12.00
Project("{FAE04EC0-301F-11D3-BF4B-00C04F79EFBC}") = "Project", "Project\Project.csproj", "{97F457C6-2C1E-4052-9D87-E2312BF458C7}"
EndProject
Global
	GlobalSection(SolutionConfigurationPlatforms) = preSolution
		Debug|Any CPU = Debug|Any CPU
		Release|Any CPU = Release|Any CPU
	EndGlobalSection
	GlobalSection(ProjectConfigurationPlatforms) = postSolution
		{97F457C6-2C1E-4052-9D87-E2312BF458C7}.Debug|Any CPU.ActiveCfg = Debug|Any CPU
		{97F457C6-2C1E-4052-9D87-E2312BF458C7}.Debug|Any CPU.Build.0 = Debug|Any CPU
		{97F457C6-2C1E-4052-9D87-E2312BF458C7}.Release|Any CPU.ActiveCfg = Release|Any CPU
		{97F457C6-2C1E-4052-9D87-E2312BF458C7}.Release|Any CPU.Build.0 = Release|Any CPU
	EndGlobalSection
EndGlobal
