
Microsoft Visual Studio Solution File, Format Version 12.00
Project("{FAE04EC0-301F-11D3-BF4B-00C04F79EFBC}") = "Project", "Project\Project.csproj", "{723FF1B6-67CA-4321-ABB6-6C175224BDED}"
EndProject
Global
	GlobalSection(SolutionConfigurationPlatforms) = preSolution
		Debug|Any CPU = Debug|Any CPU
		Release|Any CPU = Release|Any CPU
	EndGlobalSection
	GlobalSection(ProjectConfigurationPlatforms) = postSolution
		{723FF1B6-67CA-4321-ABB6-6C175224BDED}.Debug|Any CPU.ActiveCfg = Debug|Any CPU
		{723FF1B6-67CA-4321-ABB6-6C175224BDED}.Debug|Any CPU.Build.0 = Debug|Any CPU
		{723FF1B6-67CA-4321-ABB6-6C175224BDED}.Release|Any CPU.ActiveCfg = Release|Any CPU
		{723FF1B6-67CA-4321-ABB6-6C175224BDED}.Release|Any CPU.Build.0 = Release|Any CPU
	EndGlobalSection
EndGlobal
