
Microsoft Visual Studio Solution File, Format Version 12.00
Project("{FAE04EC0-301F-11D3-BF4B-00C04F79EFBC}") = "Project", "Project\Project.csproj", "{9D29C38E-F331-4FDC-8ED9-A9C1FE0AF119}"
EndProject
Global
	GlobalSection(SolutionConfigurationPlatforms) = preSolution
		Debug|Any CPU = Debug|Any CPU
		Release|Any CPU = Release|Any CPU
	EndGlobalSection
	GlobalSection(ProjectConfigurationPlatforms) = postSolution
		{9D29C38E-F331-4FDC-8ED9-A9C1FE0AF119}.Debug|Any CPU.ActiveCfg = Debug|Any CPU
		{9D29C38E-F331-4FDC-8ED9-A9C1FE0AF119}.Debug|Any CPU.Build.0 = Debug|Any CPU
		{9D29C38E-F331-4FDC-8ED9-A9C1FE0AF119}.Release|Any CPU.ActiveCfg = Release|Any CPU
		{9D29C38E-F331-4FDC-8ED9-A9C1FE0AF119}.Release|Any CPU.Build.0 = Release|Any CPU
	EndGlobalSection
EndGlobal
