
Microsoft Visual Studio Solution File, Format Version 12.00
Project("{FAE04EC0-301F-11D3-BF4B-00C04F79EFBC}") = "T4BasicExecution", "T4BasicExecution\T4BasicExecution.csproj", "{B0B447E2-E97B-4CB6-81EC-F3CD2C4D1E3C}"
EndProject
Global
	GlobalSection(SolutionConfigurationPlatforms) = preSolution
		Debug|Any CPU = Debug|Any CPU
		Release|Any CPU = Release|Any CPU
	EndGlobalSection
	GlobalSection(ProjectConfigurationPlatforms) = postSolution
		{B0B447E2-E97B-4CB6-81EC-F3CD2C4D1E3C}.Debug|Any CPU.ActiveCfg = Debug|Any CPU
		{B0B447E2-E97B-4CB6-81EC-F3CD2C4D1E3C}.Debug|Any CPU.Build.0 = Debug|Any CPU
		{B0B447E2-E97B-4CB6-81EC-F3CD2C4D1E3C}.Release|Any CPU.ActiveCfg = Release|Any CPU
		{B0B447E2-E97B-4CB6-81EC-F3CD2C4D1E3C}.Release|Any CPU.Build.0 = Release|Any CPU
	EndGlobalSection
EndGlobal
