
Microsoft Visual Studio Solution File, Format Version 12.00
Project("{FAE04EC0-301F-11D3-BF4B-00C04F79EFBC}") = "Project", "Project\Project.csproj", "{BEEE4B3F-F461-4909-A22F-8AF171BA8037}"
EndProject
Global
	GlobalSection(SolutionConfigurationPlatforms) = preSolution
		Debug|Any CPU = Debug|Any CPU
		Release|Any CPU = Release|Any CPU
	EndGlobalSection
	GlobalSection(ProjectConfigurationPlatforms) = postSolution
		{BEEE4B3F-F461-4909-A22F-8AF171BA8037}.Debug|Any CPU.ActiveCfg = Debug|Any CPU
		{BEEE4B3F-F461-4909-A22F-8AF171BA8037}.Debug|Any CPU.Build.0 = Debug|Any CPU
		{BEEE4B3F-F461-4909-A22F-8AF171BA8037}.Release|Any CPU.ActiveCfg = Release|Any CPU
		{BEEE4B3F-F461-4909-A22F-8AF171BA8037}.Release|Any CPU.Build.0 = Release|Any CPU
	EndGlobalSection
EndGlobal
