
Microsoft Visual Studio Solution File, Format Version 12.00
Project("{FAE04EC0-301F-11D3-BF4B-00C04F79EFBC}") = "Project", "Project\Project.csproj", "{10E65433-4071-43FB-AEDE-6790E58A1AA6}"
EndProject
Global
	GlobalSection(SolutionConfigurationPlatforms) = preSolution
		Debug|Any CPU = Debug|Any CPU
		Release|Any CPU = Release|Any CPU
	EndGlobalSection
	GlobalSection(ProjectConfigurationPlatforms) = postSolution
		{10E65433-4071-43FB-AEDE-6790E58A1AA6}.Debug|Any CPU.ActiveCfg = Debug|Any CPU
		{10E65433-4071-43FB-AEDE-6790E58A1AA6}.Debug|Any CPU.Build.0 = Debug|Any CPU
		{10E65433-4071-43FB-AEDE-6790E58A1AA6}.Release|Any CPU.ActiveCfg = Release|Any CPU
		{10E65433-4071-43FB-AEDE-6790E58A1AA6}.Release|Any CPU.Build.0 = Release|Any CPU
	EndGlobalSection
EndGlobal
