
Microsoft Visual Studio Solution File, Format Version 12.00
Project("{FAE04EC0-301F-11D3-BF4B-00C04F79EFBC}") = "Project", "Project\Project.csproj", "{7CA0DEF7-89D4-4092-BB89-BCD0BBC6A6CD}"
EndProject
Global
	GlobalSection(SolutionConfigurationPlatforms) = preSolution
		Debug|Any CPU = Debug|Any CPU
		Release|Any CPU = Release|Any CPU
	EndGlobalSection
	GlobalSection(ProjectConfigurationPlatforms) = postSolution
		{7CA0DEF7-89D4-4092-BB89-BCD0BBC6A6CD}.Debug|Any CPU.ActiveCfg = Debug|Any CPU
		{7CA0DEF7-89D4-4092-BB89-BCD0BBC6A6CD}.Debug|Any CPU.Build.0 = Debug|Any CPU
		{7CA0DEF7-89D4-4092-BB89-BCD0BBC6A6CD}.Release|Any CPU.ActiveCfg = Release|Any CPU
		{7CA0DEF7-89D4-4092-BB89-BCD0BBC6A6CD}.Release|Any CPU.Build.0 = Release|Any CPU
	EndGlobalSection
EndGlobal
