
Microsoft Visual Studio Solution File, Format Version 12.00
Project("{FAE04EC0-301F-11D3-BF4B-00C04F79EFBC}") = "ProjectWithComplexPreprocessedT4", "ProjectWithComplexPreprocessedT4\ProjectWithComplexPreprocessedT4.csproj", "{95F6C61F-F88F-49E0-9124-DB264A4B3B3C}"
EndProject
Global
	GlobalSection(SolutionConfigurationPlatforms) = preSolution
		Debug|Any CPU = Debug|Any CPU
		Release|Any CPU = Release|Any CPU
	EndGlobalSection
	GlobalSection(ProjectConfigurationPlatforms) = postSolution
		{95F6C61F-F88F-49E0-9124-DB264A4B3B3C}.Debug|Any CPU.ActiveCfg = Debug|Any CPU
		{95F6C61F-F88F-49E0-9124-DB264A4B3B3C}.Debug|Any CPU.Build.0 = Debug|Any CPU
		{95F6C61F-F88F-49E0-9124-DB264A4B3B3C}.Release|Any CPU.ActiveCfg = Release|Any CPU
		{95F6C61F-F88F-49E0-9124-DB264A4B3B3C}.Release|Any CPU.Build.0 = Release|Any CPU
	EndGlobalSection
EndGlobal
