
Microsoft Visual Studio Solution File, Format Version 12.00
Project("{FAE04EC0-301F-11D3-BF4B-00C04F79EFBC}") = "ProjectWithManyTemplates", "ProjectWithManyTemplates\ProjectWithManyTemplates.csproj", "{7EE2ECDD-D283-44B4-A344-E2124CF415DE}"
EndProject
Global
	GlobalSection(SolutionConfigurationPlatforms) = preSolution
		Debug|Any CPU = Debug|Any CPU
		Release|Any CPU = Release|Any CPU
	EndGlobalSection
	GlobalSection(ProjectConfigurationPlatforms) = postSolution
		{7EE2ECDD-D283-44B4-A344-E2124CF415DE}.Debug|Any CPU.ActiveCfg = Debug|Any CPU
		{7EE2ECDD-D283-44B4-A344-E2124CF415DE}.Debug|Any CPU.Build.0 = Debug|Any CPU
		{7EE2ECDD-D283-44B4-A344-E2124CF415DE}.Release|Any CPU.ActiveCfg = Release|Any CPU
		{7EE2ECDD-D283-44B4-A344-E2124CF415DE}.Release|Any CPU.Build.0 = Release|Any CPU
	EndGlobalSection
EndGlobal
