
Microsoft Visual Studio Solution File, Format Version 12.00
Project("{FAE04EC0-301F-11D3-BF4B-00C04F79EFBC}") = "Project", "Project\Project.csproj", "{82441814-EFCF-4BF9-BC10-F2A05EC9EDA0}"
EndProject
Global
	GlobalSection(SolutionConfigurationPlatforms) = preSolution
		Debug|Any CPU = Debug|Any CPU
		Release|Any CPU = Release|Any CPU
	EndGlobalSection
	GlobalSection(ProjectConfigurationPlatforms) = postSolution
		{82441814-EFCF-4BF9-BC10-F2A05EC9EDA0}.Debug|Any CPU.ActiveCfg = Debug|Any CPU
		{82441814-EFCF-4BF9-BC10-F2A05EC9EDA0}.Debug|Any CPU.Build.0 = Debug|Any CPU
		{82441814-EFCF-4BF9-BC10-F2A05EC9EDA0}.Release|Any CPU.ActiveCfg = Release|Any CPU
		{82441814-EFCF-4BF9-BC10-F2A05EC9EDA0}.Release|Any CPU.Build.0 = Release|Any CPU
	EndGlobalSection
EndGlobal
